// !$*UTF8*$!
{
	archiveVersion = 1;
	classes = {
	};
	objectVersion = 46;
	objects = {

/* Begin PBXBuildFile section */
		FD7990ED1E5E822800E7C879 /* main.m in Sources */ = {isa = PBXBuildFile; fileRef = FD7990EC1E5E822800E7C879 /* main.m */; };
		FD7990F01E5E822800E7C879 /* AppDelegate.m in Sources */ = {isa = PBXBuildFile; fileRef = FD7990EF1E5E822800E7C879 /* AppDelegate.m */; };
		FD7990F31E5E822800E7C879 /* ViewController.m in Sources */ = {isa = PBXBuildFile; fileRef = FD7990F21E5E822800E7C879 /* ViewController.m */; };
		FD7990F61E5E822800E7C879 /* Main.storyboard in Resources */ = {isa = PBXBuildFile; fileRef = FD7990F41E5E822800E7C879 /* Main.storyboard */; };
		FD7990F81E5E822800E7C879 /* Assets.xcassets in Resources */ = {isa = PBXBuildFile; fileRef = FD7990F71E5E822800E7C879 /* Assets.xcassets */; };
		FD7990FB1E5E822800E7C879 /* LaunchScreen.storyboard in Resources */ = {isa = PBXBuildFile; fileRef = FD7990F91E5E822800E7C879 /* LaunchScreen.storyboard */; };
		FD7991061E5E822900E7C879 /* RoutePlanningTests.m in Sources */ = {isa = PBXBuildFile; fileRef = FD7991051E5E822900E7C879 /* RoutePlanningTests.m */; };
		FD7991111E5E822900E7C879 /* RoutePlanningUITests.m in Sources */ = {isa = PBXBuildFile; fileRef = FD7991101E5E822900E7C879 /* RoutePlanningUITests.m */; };
		FD7991251E5E824B00E7C879 /* KCAnnotation.m in Sources */ = {isa = PBXBuildFile; fileRef = FD7991201E5E824B00E7C879 /* KCAnnotation.m */; };
		FD7991261E5E824B00E7C879 /* MapView.m in Sources */ = {isa = PBXBuildFile; fileRef = FD7991221E5E824B00E7C879 /* MapView.m */; };
		FD7991271E5E824B00E7C879 /* Place.m in Sources */ = {isa = PBXBuildFile; fileRef = FD7991241E5E824B00E7C879 /* Place.m */; };
/* End PBXBuildFile section */

/* Begin PBXContainerItemProxy section */
		FD7991021E5E822900E7C879 /* PBXContainerItemProxy */ = {
			isa = PBXContainerItemProxy;
			containerPortal = FD7990E01E5E822800E7C879 /* Project object */;
			proxyType = 1;
			remoteGlobalIDString = FD7990E71E5E822800E7C879;
			remoteInfo = RoutePlanning;
		};
		FD79910D1E5E822900E7C879 /* PBXContainerItemProxy */ = {
			isa = PBXContainerItemProxy;
			containerPortal = FD7990E01E5E822800E7C879 /* Project object */;
			proxyType = 1;
			remoteGlobalIDString = FD7990E71E5E822800E7C879;
			remoteInfo = RoutePlanning;
		};
/* End PBXContainerItemProxy section */

/* Begin PBXFileReference section */
		FD7990E81E5E822800E7C879 /* RoutePlanning.app */ = {isa = PBXFileReference; explicitFileType = wrapper.application; includeInIndex = 0; path = RoutePlanning.app; sourceTree = BUILT_PRODUCTS_DIR; };
		FD7990EC1E5E822800E7C879 /* main.m */ = {isa = PBXFileReference; lastKnownFileType = sourcecode.c.objc; path = main.m; sourceTree = "<group>"; };
		FD7990EE1E5E822800E7C879 /* AppDelegate.h */ = {isa = PBXFileReference; lastKnownFileType = sourcecode.c.h; path = AppDelegate.h; sourceTree = "<group>"; };
		FD7990EF1E5E822800E7C879 /* AppDelegate.m */ = {isa = PBXFileReference; lastKnownFileType = sourcecode.c.objc; path = AppDelegate.m; sourceTree = "<group>"; };
		FD7990F11E5E822800E7C879 /* ViewController.h */ = {isa = PBXFileReference; lastKnownFileType = sourcecode.c.h; path = ViewController.h; sourceTree = "<group>"; };
		FD7990F21E5E822800E7C879 /* ViewController.m */ = {isa = PBXFileReference; lastKnownFileType = sourcecode.c.objc; path = ViewController.m; sourceTree = "<group>"; };
		FD7990F51E5E822800E7C879 /* Base */ = {isa = PBXFileReference; lastKnownFileType = file.storyboard; name = Base; path = Base.lproj/Main.storyboard; sourceTree = "<group>"; };
		FD7990F71E5E822800E7C879 /* Assets.xcassets */ = {isa = PBXFileReference; lastKnownFileType = folder.assetcatalog; path = Assets.xcassets; sourceTree = "<group>"; };
		FD7990FA1E5E822800E7C879 /* Base */ = {isa = PBXFileReference; lastKnownFileType = file.storyboard; name = Base; path = Base.lproj/LaunchScreen.storyboard; sourceTree = "<group>"; };
		FD7990FC1E5E822800E7C879 /* Info.plist */ = {isa = PBXFileReference; lastKnownFileType = text.plist.xml; path = Info.plist; sourceTree = "<group>"; };
		FD7991011E5E822900E7C879 /* RoutePlanningTests.xctest */ = {isa = PBXFileReference; explicitFileType = wrapper.cfbundle; includeInIndex = 0; path = RoutePlanningTests.xctest; sourceTree = BUILT_PRODUCTS_DIR; };
		FD7991051E5E822900E7C879 /* RoutePlanningTests.m */ = {isa = PBXFileReference; lastKnownFileType = sourcecode.c.objc; path = RoutePlanningTests.m; sourceTree = "<group>"; };
		FD7991071E5E822900E7C879 /* Info.plist */ = {isa = PBXFileReference; lastKnownFileType = text.plist.xml; path = Info.plist; sourceTree = "<group>"; };
		FD79910C1E5E822900E7C879 /* RoutePlanningUITests.xctest */ = {isa = PBXFileReference; explicitFileType = wrapper.cfbundle; includeInIndex = 0; path = RoutePlanningUITests.xctest; sourceTree = BUILT_PRODUCTS_DIR; };
		FD7991101E5E822900E7C879 /* RoutePlanningUITests.m */ = {isa = PBXFileReference; lastKnownFileType = sourcecode.c.objc; path = RoutePlanningUITests.m; sourceTree = "<group>"; };
		FD7991121E5E822900E7C879 /* Info.plist */ = {isa = PBXFileReference; lastKnownFileType = text.plist.xml; path = Info.plist; sourceTree = "<group>"; };
		FD79911F1E5E824B00E7C879 /* KCAnnotation.h */ = {isa = PBXFileReference; fileEncoding = 4; lastKnownFileType = sourcecode.c.h; path = KCAnnotation.h; sourceTree = "<group>"; };
		FD7991201E5E824B00E7C879 /* KCAnnotation.m */ = {isa = PBXFileReference; fileEncoding = 4; lastKnownFileType = sourcecode.c.objc; path = KCAnnotation.m; sourceTree = "<group>"; };
		FD7991211E5E824B00E7C879 /* MapView.h */ = {isa = PBXFileReference; fileEncoding = 4; lastKnownFileType = sourcecode.c.h; path = MapView.h; sourceTree = "<group>"; };
		FD7991221E5E824B00E7C879 /* MapView.m */ = {isa = PBXFileReference; fileEncoding = 4; lastKnownFileType = sourcecode.c.objc; path = MapView.m; sourceTree = "<group>"; };
		FD7991231E5E824B00E7C879 /* Place.h */ = {isa = PBXFileReference; fileEncoding = 4; lastKnownFileType = sourcecode.c.h; path = Place.h; sourceTree = "<group>"; };
		FD7991241E5E824B00E7C879 /* Place.m */ = {isa = PBXFileReference; fileEncoding = 4; lastKnownFileType = sourcecode.c.objc; path = Place.m; sourceTree = "<group>"; };
/* End PBXFileReference section */

/* Begin PBXFrameworksBuildPhase section */
		FD7990E51E5E822800E7C879 /* Frameworks */ = {
			isa = PBXFrameworksBuildPhase;
			buildActionMask = 2147483647;
			files = (
			);
			runOnlyForDeploymentPostprocessing = 0;
		};
		FD7990FE1E5E822900E7C879 /* Frameworks */ = {
			isa = PBXFrameworksBuildPhase;
			buildActionMask = 2147483647;
			files = (
			);
			runOnlyForDeploymentPostprocessing = 0;
		};
		FD7991091E5E822900E7C879 /* Frameworks */ = {
			isa = PBXFrameworksBuildPhase;
			buildActionMask = 2147483647;
			files = (
			);
			runOnlyForDeploymentPostprocessing = 0;
		};
/* End PBXFrameworksBuildPhase section */

/* Begin PBXGroup section */
		FD7990DF1E5E822800E7C879 = {
			isa = PBXGroup;
			children = (
				FD79911E1E5E824B00E7C879 /* MapView */,
				FD7990EA1E5E822800E7C879 /* RoutePlanning */,
				FD7991041E5E822900E7C879 /* RoutePlanningTests */,
				FD79910F1E5E822900E7C879 /* RoutePlanningUITests */,
				FD7990E91E5E822800E7C879 /* Products */,
			);
			sourceTree = "<group>";
		};
		FD7990E91E5E822800E7C879 /* Products */ = {
			isa = PBXGroup;
			children = (
				FD7990E81E5E822800E7C879 /* RoutePlanning.app */,
				FD7991011E5E822900E7C879 /* RoutePlanningTests.xctest */,
				FD79910C1E5E822900E7C879 /* RoutePlanningUITests.xctest */,
			);
			name = Products;
			sourceTree = "<group>";
		};
		FD7990EA1E5E822800E7C879 /* RoutePlanning */ = {
			isa = PBXGroup;
			children = (
				FD7990EE1E5E822800E7C879 /* AppDelegate.h */,
				FD7990EF1E5E822800E7C879 /* AppDelegate.m */,
				FD7990F11E5E822800E7C879 /* ViewController.h */,
				FD7990F21E5E822800E7C879 /* ViewController.m */,
				FD7990F41E5E822800E7C879 /* Main.storyboard */,
				FD7990F71E5E822800E7C879 /* Assets.xcassets */,
				FD7990F91E5E822800E7C879 /* LaunchScreen.storyboard */,
				FD7990FC1E5E822800E7C879 /* Info.plist */,
				FD7990EB1E5E822800E7C879 /* Supporting Files */,
			);
			path = RoutePlanning;
			sourceTree = "<group>";
		};
		FD7990EB1E5E822800E7C879 /* Supporting Files */ = {
			isa = PBXGroup;
			children = (
				FD7990EC1E5E822800E7C879 /* main.m */,
			);
			name = "Supporting Files";
			sourceTree = "<group>";
		};
		FD7991041E5E822900E7C879 /* RoutePlanningTests */ = {
			isa = PBXGroup;
			children = (
				FD7991051E5E822900E7C879 /* RoutePlanningTests.m */,
				FD7991071E5E822900E7C879 /* Info.plist */,
			);
			path = RoutePlanningTests;
			sourceTree = "<group>";
		};
		FD79910F1E5E822900E7C879 /* RoutePlanningUITests */ = {
			isa = PBXGroup;
			children = (
				FD7991101E5E822900E7C879 /* RoutePlanningUITests.m */,
				FD7991121E5E822900E7C879 /* Info.plist */,
			);
			path = RoutePlanningUITests;
			sourceTree = "<group>";
		};
		FD79911E1E5E824B00E7C879 /* MapView */ = {
			isa = PBXGroup;
			children = (
				FD79911F1E5E824B00E7C879 /* KCAnnotation.h */,
				FD7991201E5E824B00E7C879 /* KCAnnotation.m */,
				FD7991211E5E824B00E7C879 /* MapView.h */,
				FD7991221E5E824B00E7C879 /* MapView.m */,
				FD7991231E5E824B00E7C879 /* Place.h */,
				FD7991241E5E824B00E7C879 /* Place.m */,
			);
			path = MapView;
			sourceTree = "<group>";
		};
/* End PBXGroup section */

/* Begin PBXNativeTarget section */
		FD7990E71E5E822800E7C879 /* RoutePlanning */ = {
			isa = PBXNativeTarget;
			buildConfigurationList = FD7991151E5E822900E7C879 /* Build configuration list for PBXNativeTarget "RoutePlanning" */;
			buildPhases = (
				FD7990E41E5E822800E7C879 /* Sources */,
				FD7990E51E5E822800E7C879 /* Frameworks */,
				FD7990E61E5E822800E7C879 /* Resources */,
			);
			buildRules = (
			);
			dependencies = (
			);
			name = RoutePlanning;
			productName = RoutePlanning;
			productReference = FD7990E81E5E822800E7C879 /* RoutePlanning.app */;
			productType = "com.apple.product-type.application";
		};
		FD7991001E5E822900E7C879 /* RoutePlanningTests */ = {
			isa = PBXNativeTarget;
			buildConfigurationList = FD7991181E5E822900E7C879 /* Build configuration list for PBXNativeTarget "RoutePlanningTests" */;
			buildPhases = (
				FD7990FD1E5E822900E7C879 /* Sources */,
				FD7990FE1E5E822900E7C879 /* Frameworks */,
				FD7990FF1E5E822900E7C879 /* Resources */,
			);
			buildRules = (
			);
			dependencies = (
				FD7991031E5E822900E7C879 /* PBXTargetDependency */,
			);
			name = RoutePlanningTests;
			productName = RoutePlanningTests;
			productReference = FD7991011E5E822900E7C879 /* RoutePlanningTests.xctest */;
			productType = "com.apple.product-type.bundle.unit-test";
		};
		FD79910B1E5E822900E7C879 /* RoutePlanningUITests */ = {
			isa = PBXNativeTarget;
			buildConfigurationList = FD79911B1E5E822900E7C879 /* Build configuration list for PBXNativeTarget "RoutePlanningUITests" */;
			buildPhases = (
				FD7991081E5E822900E7C879 /* Sources */,
				FD7991091E5E822900E7C879 /* Frameworks */,
				FD79910A1E5E822900E7C879 /* Resources */,
			);
			buildRules = (
			);
			dependencies = (
				FD79910E1E5E822900E7C879 /* PBXTargetDependency */,
			);
			name = RoutePlanningUITests;
			productName = RoutePlanningUITests;
			productReference = FD79910C1E5E822900E7C879 /* RoutePlanningUITests.xctest */;
			productType = "com.apple.product-type.bundle.ui-testing";
		};
/* End PBXNativeTarget section */

/* Begin PBXProject section */
		FD7990E01E5E822800E7C879 /* Project object */ = {
			isa = PBXProject;
			attributes = {
				LastUpgradeCheck = 0820;
				ORGANIZATIONNAME = "姜宁桃";
				TargetAttributes = {
					FD7990E71E5E822800E7C879 = {
						CreatedOnToolsVersion = 8.2.1;
						DevelopmentTeam = 5ZLH4SJD8E;
						ProvisioningStyle = Automatic;
					};
					FD7991001E5E822900E7C879 = {
						CreatedOnToolsVersion = 8.2.1;
						DevelopmentTeam = 5ZLH4SJD8E;
						ProvisioningStyle = Automatic;
						TestTargetID = FD7990E71E5E822800E7C879;
					};
					FD79910B1E5E822900E7C879 = {
						CreatedOnToolsVersion = 8.2.1;
						DevelopmentTeam = 5ZLH4SJD8E;
						ProvisioningStyle = Automatic;
						TestTargetID = FD7990E71E5E822800E7C879;
					};
				};
			};
			buildConfigurationList = FD7990E31E5E822800E7C879 /* Build configuration list for PBXProject "RoutePlanning" */;
			compatibilityVersion = "Xcode 3.2";
			developmentRegion = English;
			hasScannedForEncodings = 0;
			knownRegions = (
				en,
				Base,
			);
			mainGroup = FD7990DF1E5E822800E7C879;
			productRefGroup = FD7990E91E5E822800E7C879 /* Products */;
			projectDirPath = "";
			projectRoot = "";
			targets = (
				FD7990E71E5E822800E7C879 /* RoutePlanning */,
				FD7991001E5E822900E7C879 /* RoutePlanningTests */,
				FD79910B1E5E822900E7C879 /* RoutePlanningUITests */,
			);
		};
/* End PBXProject section */

/* Begin PBXResourcesBuildPhase section */
		FD7990E61E5E822800E7C879 /* Resources */ = {
			isa = PBXResourcesBuildPhase;
			buildActionMask = 2147483647;
			files = (
				FD7990FB1E5E822800E7C879 /* LaunchScreen.storyboard in Resources */,
				FD7990F81E5E822800E7C879 /* Assets.xcassets in Resources */,
				FD7990F61E5E822800E7C879 /* Main.storyboard in Resources */,
			);
			runOnlyForDeploymentPostprocessing = 0;
		};
		FD7990FF1E5E822900E7C879 /* Resources */ = {
			isa = PBXResourcesBuildPhase;
			buildActionMask = 2147483647;
			files = (
			);
			runOnlyForDeploymentPostprocessing = 0;
		};
		FD79910A1E5E822900E7C879 /* Resources */ = {
			isa = PBXResourcesBuildPhase;
			buildActionMask = 2147483647;
			files = (
			);
			runOnlyForDeploymentPostprocessing = 0;
		};
/* End PBXResourcesBuildPhase section */

/* Begin PBXSourcesBuildPhase section */
		FD7990E41E5E822800E7C879 /* Sources */ = {
			isa = PBXSourcesBuildPhase;
			buildActionMask = 2147483647;
			files = (
				FD7990F31E5E822800E7C879 /* ViewController.m in Sources */,
				FD7990F01E5E822800E7C879 /* AppDelegate.m in Sources */,
				FD7991251E5E824B00E7C879 /* KCAnnotation.m in Sources */,
				FD7991271E5E824B00E7C879 /* Place.m in Sources */,
				FD7990ED1E5E822800E7C879 /* main.m in Sources */,
				FD7991261E5E824B00E7C879 /* MapView.m in Sources */,
			);
			runOnlyForDeploymentPostprocessing = 0;
		};
		FD7990FD1E5E822900E7C879 /* Sources */ = {
			isa = PBXSourcesBuildPhase;
			buildActionMask = 2147483647;
			files = (
				FD7991061E5E822900E7C879 /* RoutePlanningTests.m in Sources */,
			);
			runOnlyForDeploymentPostprocessing = 0;
		};
		FD7991081E5E822900E7C879 /* Sources */ = {
			isa = PBXSourcesBuildPhase;
			buildActionMask = 2147483647;
			files = (
				FD7991111E5E822900E7C879 /* RoutePlanningUITests.m in Sources */,
			);
			runOnlyForDeploymentPostprocessing = 0;
		};
/* End PBXSourcesBuildPhase section */

/* Begin PBXTargetDependency section */
		FD7991031E5E822900E7C879 /* PBXTargetDependency */ = {
			isa = PBXTargetDependency;
			target = FD7990E71E5E822800E7C879 /* RoutePlanning */;
			targetProxy = FD7991021E5E822900E7C879 /* PBXContainerItemProxy */;
		};
		FD79910E1E5E822900E7C879 /* PBXTargetDependency */ = {
			isa = PBXTargetDependency;
			target = FD7990E71E5E822800E7C879 /* RoutePlanning */;
			targetProxy = FD79910D1E5E822900E7C879 /* PBXContainerItemProxy */;
		};
/* End PBXTargetDependency section */

/* Begin PBXVariantGroup section */
		FD7990F41E5E822800E7C879 /* Main.storyboard */ = {
			isa = PBXVariantGroup;
			children = (
				FD7990F51E5E822800E7C879 /* Base */,
			);
			name = Main.storyboard;
			sourceTree = "<group>";
		};
		FD7990F91E5E822800E7C879 /* LaunchScreen.storyboard */ = {
			isa = PBXVariantGroup;
			children = (
				FD7990FA1E5E822800E7C879 /* Base */,
			);
			name = LaunchScreen.storyboard;
			sourceTree = "<group>";
		};
/* End PBXVariantGroup section */

/* Begin XCBuildConfiguration section */
		FD7991131E5E822900E7C879 /* Debug */ = {
			isa = XCBuildConfiguration;
			buildSettings = {
				ALWAYS_SEARCH_USER_PATHS = NO;
				CLANG_ANALYZER_NONNULL = YES;
				CLANG_CXX_LANGUAGE_STANDARD = "gnu++0x";
				CLANG_CXX_LIBRARY = "libc++";
				CLANG_ENABLE_MODULES = YES;
				CLANG_ENABLE_OBJC_ARC = YES;
				CLANG_WARN_BOOL_CONVERSION = YES;
				CLANG_WARN_CONSTANT_CONVERSION = YES;
				CLANG_WARN_DIRECT_OBJC_ISA_USAGE = YES_ERROR;
				CLANG_WARN_DOCUMENTATION_COMMENTS = YES;
				CLANG_WARN_EMPTY_BODY = YES;
				CLANG_WARN_ENUM_CONVERSION = YES;
				CLANG_WARN_INFINITE_RECURSION = YES;
				CLANG_WARN_INT_CONVERSION = YES;
				CLANG_WARN_OBJC_ROOT_CLASS = YES_ERROR;
				CLANG_WARN_SUSPICIOUS_MOVE = YES;
				CLANG_WARN_UNREACHABLE_CODE = YES;
				CLANG_WARN__DUPLICATE_METHOD_MATCH = YES;
				"CODE_SIGN_IDENTITY[sdk=iphoneos*]" = "iPhone Developer";
				COPY_PHASE_STRIP = NO;
				DEBUG_INFORMATION_FORMAT = dwarf;
				ENABLE_STRICT_OBJC_MSGSEND = YES;
				ENABLE_TESTABILITY = YES;
				GCC_C_LANGUAGE_STANDARD = gnu99;
				GCC_DYNAMIC_NO_PIC = NO;
				GCC_NO_COMMON_BLOCKS = YES;
				GCC_OPTIMIZATION_LEVEL = 0;
				GCC_PREPROCESSOR_DEFINITIONS = (
					"DEBUG=1",
					"$(inherited)",
				);
				GCC_WARN_64_TO_32_BIT_CONVERSION = YES;
				GCC_WARN_ABOUT_RETURN_TYPE = YES_ERROR;
				GCC_WARN_UNDECLARED_SELECTOR = YES;
				GCC_WARN_UNINITIALIZED_AUTOS = YES_AGGRESSIVE;
				GCC_WARN_UNUSED_FUNCTION = YES;
				GCC_WARN_UNUSED_VARIABLE = YES;
				IPHONEOS_DEPLOYMENT_TARGET = 10.2;
				MTL_ENABLE_DEBUG_INFO = YES;
				ONLY_ACTIVE_ARCH = YES;
				SDKROOT = iphoneos;
			};
			name = Debug;
		};
		FD7991141E5E822900E7C879 /* Release */ = {
			isa = XCBuildConfiguration;
			buildSettings = {
				ALWAYS_SEARCH_USER_PATHS = NO;
				CLANG_ANALYZER_NONNULL = YES;
				CLANG_CXX_LANGUAGE_STANDARD = "gnu++0x";
				CLANG_CXX_LIBRARY = "libc++";
				CLANG_ENABLE_MODULES = YES;
				CLANG_ENABLE_OBJC_ARC = YES;
				CLANG_WARN_BOOL_CONVERSION = YES;
				CLANG_WARN_CONSTANT_CONVERSION = YES;
				CLANG_WARN_DIRECT_OBJC_ISA_USAGE = YES_ERROR;
				CLANG_WARN_DOCUMENTATION_COMMENTS = YES;
				CLANG_WARN_EMPTY_BODY = YES;
				CLANG_WARN_ENUM_CONVERSION = YES;
				CLANG_WARN_INFINITE_RECURSION = YES;
				CLANG_WARN_INT_CONVERSION = YES;
				CLANG_WARN_OBJC_ROOT_CLASS = YES_ERROR;
				CLANG_WARN_SUSPICIOUS_MOVE = YES;
				CLANG_WARN_UNREACHABLE_CODE = YES;
				CLANG_WARN__DUPLICATE_METHOD_MATCH = YES;
				"CODE_SIGN_IDENTITY[sdk=iphoneos*]" = "iPhone Developer";
				COPY_PHASE_STRIP = NO;
				DEBUG_INFORMATION_FORMAT = "dwarf-with-dsym";
				ENABLE_NS_ASSERTIONS = NO;
				ENABLE_STRICT_OBJC_MSGSEND = YES;
				GCC_C_LANGUAGE_STANDARD = gnu99;
				GCC_NO_COMMON_BLOCKS = YES;
				GCC_WARN_64_TO_32_BIT_CONVERSION = YES;
				GCC_WARN_ABOUT_RETURN_TYPE = YES_ERROR;
				GCC_WARN_UNDECLARED_SELECTOR = YES;
				GCC_WARN_UNINITIALIZED_AUTOS = YES_AGGRESSIVE;
				GCC_WARN_UNUSED_FUNCTION = YES;
				GCC_WARN_UNUSED_VARIABLE = YES;
				IPHONEOS_DEPLOYMENT_TARGET = 10.2;
				MTL_ENABLE_DEBUG_INFO = NO;
				SDKROOT = iphoneos;
				VALIDATE_PRODUCT = YES;
			};
			name = Release;
		};
		FD7991161E5E822900E7C879 /* Debug */ = {
			isa = XCBuildConfiguration;
			buildSettings = {
				ASSETCATALOG_COMPILER_APPICON_NAME = AppIcon;
				DEVELOPMENT_TEAM = 5ZLH4SJD8E;
				INFOPLIST_FILE = RoutePlanning/Info.plist;
				LD_RUNPATH_SEARCH_PATHS = "$(inherited) @executable_path/Frameworks";
				PRODUCT_BUNDLE_IDENTIFIER = yuanmaiwuliu.RoutePlanning;
				PRODUCT_NAME = "$(TARGET_NAME)";
			};
			name = Debug;
		};
		FD7991171E5E822900E7C879 /* Release */ = {
			isa = XCBuildConfiguration;
			buildSettings = {
				ASSETCATALOG_COMPILER_APPICON_NAME = AppIcon;
				DEVELOPMENT_TEAM = 5ZLH4SJD8E;
				INFOPLIST_FILE = RoutePlanning/Info.plist;
				LD_RUNPATH_SEARCH_PATHS = "$(inherited) @executable_path/Frameworks";
				PRODUCT_BUNDLE_IDENTIFIER = yuanmaiwuliu.RoutePlanning;
				PRODUCT_NAME = "$(TARGET_NAME)";
			};
			name = Release;
		};
		FD7991191E5E822900E7C879 /* Debug */ = {
			isa = XCBuildConfiguration;
			buildSettings = {
				BUNDLE_LOADER = "$(TEST_HOST)";
				DEVELOPMENT_TEAM = 5ZLH4SJD8E;
				INFOPLIST_FILE = RoutePlanningTests/Info.plist;
				LD_RUNPATH_SEARCH_PATHS = "$(inherited) @executable_path/Frameworks @loader_path/Frameworks";
				PRODUCT_BUNDLE_IDENTIFIER = yuanmaiwuliu.RoutePlanningTests;
				PRODUCT_NAME = "$(TARGET_NAME)";
				TEST_HOST = "$(BUILT_PRODUCTS_DIR)/RoutePlanning.app/RoutePlanning";
			};
			name = Debug;
		};
		FD79911A1E5E822900E7C879 /* Release */ = {
			isa = XCBuildConfiguration;
			buildSettings = {
				BUNDLE_LOADER = "$(TEST_HOST)";
				DEVELOPMENT_TEAM = 5ZLH4SJD8E;
				INFOPLIST_FILE = RoutePlanningTests/Info.plist;
				LD_RUNPATH_SEARCH_PATHS = "$(inherited) @executable_path/Frameworks @loader_path/Frameworks";
				PRODUCT_BUNDLE_IDENTIFIER = yuanmaiwuliu.RoutePlanningTests;
				PRODUCT_NAME = "$(TARGET_NAME)";
				TEST_HOST = "$(BUILT_PRODUCTS_DIR)/RoutePlanning.app/RoutePlanning";
			};
			name = Release;
		};
		FD79911C1E5E822900E7C879 /* Debug */ = {
			isa = XCBuildConfiguration;
			buildSettings = {
				DEVELOPMENT_TEAM = 5ZLH4SJD8E;
				INFOPLIST_FILE = RoutePlanningUITests/Info.plist;
				LD_RUNPATH_SEARCH_PATHS = "$(inherited) @executable_path/Frameworks @loader_path/Frameworks";
				PRODUCT_BUNDLE_IDENTIFIER = yuanmaiwuliu.RoutePlanningUITests;
				PRODUCT_NAME = "$(TARGET_NAME)";
				TEST_TARGET_NAME = RoutePlanning;
			};
			name = Debug;
		};
		FD79911D1E5E822900E7C879 /* Release */ = {
			isa = XCBuildConfiguration;
			buildSettings = {
				DEVELOPMENT_TEAM = 5ZLH4SJD8E;
				INFOPLIST_FILE = RoutePlanningUITests/Info.plist;
				LD_RUNPATH_SEARCH_PATHS = "$(inherited) @executable_path/Frameworks @loader_path/Frameworks";
				PRODUCT_BUNDLE_IDENTIFIER = yuanmaiwuliu.RoutePlanningUITests;
				PRODUCT_NAME = "$(TARGET_NAME)";
				TEST_TARGET_NAME = RoutePlanning;
			};
			name = Release;
		};
/* End XCBuildConfiguration section */

/* Begin XCConfigurationList section */
		FD7990E31E5E822800E7C879 /* Build configuration list for PBXProject "RoutePlanning" */ = {
			isa = XCConfigurationList;
			buildConfigurations = (
				FD7991131E5E822900E7C879 /* Debug */,
				FD7991141E5E822900E7C879 /* Release */,
			);
			defaultConfigurationIsVisible = 0;
			defaultConfigurationName = Release;
		};
		FD7991151E5E822900E7C879 /* Build configuration list for PBXNativeTarget "RoutePlanning" */ = {
			isa = XCConfigurationList;
			buildConfigurations = (
				FD7991161E5E822900E7C879 /* Debug */,
				FD7991171E5E822900E7C879 /* Release */,
			);
			defaultConfigurationIsVisible = 0;
		};
		FD7991181E5E822900E7C879 /* Build configuration list for PBXNativeTarget "RoutePlanningTests" */ = {
			isa = XCConfigurationList;
			buildConfigurations = (
				FD7991191E5E822900E7C879 /* Debug */,
				FD79911A1E5E822900E7C879 /* Release */,
			);
			defaultConfigurationIsVisible = 0;
		};
		FD79911B1E5E822900E7C879 /* Build configuration list for PBXNativeTarget "RoutePlanningUITests" */ = {
			isa = XCConfigurationList;
			buildConfigurations = (
				FD79911C1E5E822900E7C879 /* Debug */,
				FD79911D1E5E822900E7C879 /* Release */,
			);
			defaultConfigurationIsVisible = 0;
		};
/* End XCConfigurationList section */
	};
	rootObject = FD7990E01E5E822800E7C879 /* Project object */;
}
